// !$*UTF8*$!
{
	archiveVersion = 1;
	classes = {
	};
	objectVersion = 51;
	objects = {

/* Begin PBXBuildFile section */
		2E2B24B59DD425A1D65F4B20 /* libPods-Khrysalis Template.a in Frameworks */ = {isa = PBXBuildFile; fileRef = 42BAEC7029D5A331DB830BB0 /* libPods-Khrysalis Template.a */; };
		5E1E3FEA2405A9CC005D7608 /* strings.swift in Sources */ = {isa = PBXBuildFile; fileRef = 5E1E3F9E2405A9CC005D7608 /* strings.swift */; };
		5E1E3FEB2405A9CC005D7608 /* buttonAccentDrawable.swift in Sources */ = {isa = PBXBuildFile; fileRef = 5E1E3FA02405A9CC005D7608 /* buttonAccentDrawable.swift */; };
		5E1E3FEC2405A9CC005D7608 /* icExposureBlack24dpDrawable.swift in Sources */ = {isa = PBXBuildFile; fileRef = 5E1E3FA12405A9CC005D7608 /* icExposureBlack24dpDrawable.swift */; };
		5E1E3FED2405A9CC005D7608 /* buttonPrimaryDrawable.swift in Sources */ = {isa = PBXBuildFile; fileRef = 5E1E3FA22405A9CC005D7608 /* buttonPrimaryDrawable.swift */; };
		5E1E3FEE2405A9CC005D7608 /* icArrowBackWhite24dpDrawable.swift in Sources */ = {isa = PBXBuildFile; fileRef = 5E1E3FA32405A9CC005D7608 /* icArrowBackWhite24dpDrawable.swift */; };
		5E1E3FEF2405A9CC005D7608 /* borderDrawable.swift in Sources */ = {isa = PBXBuildFile; fileRef = 5E1E3FA42405A9CC005D7608 /* borderDrawable.swift */; };
		5E1E3FF02405A9CC005D7608 /* icAndroidBlack24dpDrawable.swift in Sources */ = {isa = PBXBuildFile; fileRef = 5E1E3FA52405A9CC005D7608 /* icAndroidBlack24dpDrawable.swift */; };
		5E1E3FF12405A9CC005D7608 /* buttonDisabledDrawable.swift in Sources */ = {isa = PBXBuildFile; fileRef = 5E1E3FA62405A9CC005D7608 /* buttonDisabledDrawable.swift */; };
		5E1E3FF22405A9CC005D7608 /* icLauncherForegroundDrawable.swift in Sources */ = {isa = PBXBuildFile; fileRef = 5E1E3FA72405A9CC005D7608 /* icLauncherForegroundDrawable.swift */; };
		5E1E3FF32405A9CC005D7608 /* icLauncherBackgroundDrawable.swift in Sources */ = {isa = PBXBuildFile; fileRef = 5E1E3FA82405A9CC005D7608 /* icLauncherBackgroundDrawable.swift */; };
		5E1E3FF42405A9CC005D7608 /* ResourcesDrawables.swift in Sources */ = {isa = PBXBuildFile; fileRef = 5E1E3FA92405A9CC005D7608 /* ResourcesDrawables.swift */; };
		5E1E3FF52405A9CC005D7608 /* icBeachAccessBlack24dpDrawable.swift in Sources */ = {isa = PBXBuildFile; fileRef = 5E1E3FAA2405A9CC005D7608 /* icBeachAccessBlack24dpDrawable.swift */; };
		5E1E3FF62405A9CC005D7608 /* PNGs.swift in Sources */ = {isa = PBXBuildFile; fileRef = 5E1E3FAB2405A9CC005D7608 /* PNGs.swift */; };
		5E1E3FF72405A9CC005D7608 /* ComponentTextXml.swift in Sources */ = {isa = PBXBuildFile; fileRef = 5E1E3FAD2405A9CC005D7608 /* ComponentTextXml.swift */; };
		5E1E3FF82405A9CC005D7608 /* FloatingHexagonsDemoXml.swift in Sources */ = {isa = PBXBuildFile; fileRef = 5E1E3FAE2405A9CC005D7608 /* FloatingHexagonsDemoXml.swift */; };
		5E1E3FF92405A9CC005D7608 /* MultipleDemoXml.swift in Sources */ = {isa = PBXBuildFile; fileRef = 5E1E3FAF2405A9CC005D7608 /* MultipleDemoXml.swift */; };
		5E1E3FFA2405A9CC005D7608 /* DateButtonDemoXml.swift in Sources */ = {isa = PBXBuildFile; fileRef = 5E1E3FB02405A9CC005D7608 /* DateButtonDemoXml.swift */; };
		5E1E3FFB2405A9CC005D7608 /* BleScanDemoXml.swift in Sources */ = {isa = PBXBuildFile; fileRef = 5E1E3FB12405A9CC005D7608 /* BleScanDemoXml.swift */; };
		5E1E3FFC2405A9CC005D7608 /* LocationDemoXml.swift in Sources */ = {isa = PBXBuildFile; fileRef = 5E1E3FB22405A9CC005D7608 /* LocationDemoXml.swift */; };
		5E1E3FFD2405A9CC005D7608 /* PongDemoXml.swift in Sources */ = {isa = PBXBuildFile; fileRef = 5E1E3FB32405A9CC005D7608 /* PongDemoXml.swift */; };
		5E1E3FFE2405A9CC005D7608 /* DrawableDemoXml.swift in Sources */ = {isa = PBXBuildFile; fileRef = 5E1E3FB42405A9CC005D7608 /* DrawableDemoXml.swift */; };
		5E1E3FFF2405A9CC005D7608 /* ViewPagerDemoXml.swift in Sources */ = {isa = PBXBuildFile; fileRef = 5E1E3FB52405A9CC005D7608 /* ViewPagerDemoXml.swift */; };
		5E1E40002405A9CC005D7608 /* PreviewXml.swift in Sources */ = {isa = PBXBuildFile; fileRef = 5E1E3FB62405A9CC005D7608 /* PreviewXml.swift */; };
		5E1E40012405A9CC005D7608 /* SliderDemoXml.swift in Sources */ = {isa = PBXBuildFile; fileRef = 5E1E3FB72405A9CC005D7608 /* SliderDemoXml.swift */; };
		5E1E40022405A9CC005D7608 /* ComponentTestXml.swift in Sources */ = {isa = PBXBuildFile; fileRef = 5E1E3FB82405A9CC005D7608 /* ComponentTestXml.swift */; };
		5E1E40032405A9CC005D7608 /* ControlsDemoXml.swift in Sources */ = {isa = PBXBuildFile; fileRef = 5E1E3FB92405A9CC005D7608 /* ControlsDemoXml.swift */; };
		5E1E40042405A9CC005D7608 /* MarginTestXml.swift in Sources */ = {isa = PBXBuildFile; fileRef = 5E1E3FBA2405A9CC005D7608 /* MarginTestXml.swift */; };
		5E1E40052405A9CC005D7608 /* LoginDemoXml.swift in Sources */ = {isa = PBXBuildFile; fileRef = 5E1E3FBB2405A9CC005D7608 /* LoginDemoXml.swift */; };
		5E1E40062405A9CC005D7608 /* LoadImageDemoXml.swift in Sources */ = {isa = PBXBuildFile; fileRef = 5E1E3FBC2405A9CC005D7608 /* LoadImageDemoXml.swift */; };
		5E1E40072405A9CC005D7608 /* ExampleContentXml.swift in Sources */ = {isa = PBXBuildFile; fileRef = 5E1E3FBD2405A9CC005D7608 /* ExampleContentXml.swift */; };
		5E1E40082405A9CC005D7608 /* SelectDemoXml.swift in Sources */ = {isa = PBXBuildFile; fileRef = 5E1E3FBE2405A9CC005D7608 /* SelectDemoXml.swift */; };
		5E1E40092405A9CC005D7608 /* BleClientDemoXml.swift in Sources */ = {isa = PBXBuildFile; fileRef = 5E1E3FBF2405A9CC005D7608 /* BleClientDemoXml.swift */; };
		5E1E400A2405A9CC005D7608 /* ComponentBleDeviceXml.swift in Sources */ = {isa = PBXBuildFile; fileRef = 5E1E3FC02405A9CC005D7608 /* ComponentBleDeviceXml.swift */; };
		5E1E400B2405A9CC005D7608 /* DateRangeDemoXml.swift in Sources */ = {isa = PBXBuildFile; fileRef = 5E1E3FC12405A9CC005D7608 /* DateRangeDemoXml.swift */; };
		5E1E400C2405A9CC005D7608 /* ExternalTestXml.swift in Sources */ = {isa = PBXBuildFile; fileRef = 5E1E3FC22405A9CC005D7608 /* ExternalTestXml.swift */; };
		5E1E400D2405A9CC005D7608 /* MapDemoXml.swift in Sources */ = {isa = PBXBuildFile; fileRef = 5E1E3FC32405A9CC005D7608 /* MapDemoXml.swift */; };
		5E1E400E2405A9CC005D7608 /* BleHostDemoXml.swift in Sources */ = {isa = PBXBuildFile; fileRef = 5E1E3FC42405A9CC005D7608 /* BleHostDemoXml.swift */; };
		5E1E400F2405A9CC005D7608 /* SegmentedControlDemoXml.swift in Sources */ = {isa = PBXBuildFile; fileRef = 5E1E3FC52405A9CC005D7608 /* SegmentedControlDemoXml.swift */; };
		5E1E40102405A9CC005D7608 /* MainXml.swift in Sources */ = {isa = PBXBuildFile; fileRef = 5E1E3FC62405A9CC005D7608 /* MainXml.swift */; };
		5E1E40112405A9CC005D7608 /* colors.swift in Sources */ = {isa = PBXBuildFile; fileRef = 5E1E3FC72405A9CC005D7608 /* colors.swift */; };
		5E1E40122405A9CC005D7608 /* ControlsDemoVG.shared.swift in Sources */ = {isa = PBXBuildFile; fileRef = 5E1E3FCC2405A9CC005D7608 /* ControlsDemoVG.shared.swift */; };
		5E1E40132405A9CC005D7608 /* DateRangeDemoVG.shared.swift in Sources */ = {isa = PBXBuildFile; fileRef = 5E1E3FCD2405A9CC005D7608 /* DateRangeDemoVG.shared.swift */; };
		5E1E40142405A9CC005D7608 /* FloatingHexagonsDemoVG.shared.swift in Sources */ = {isa = PBXBuildFile; fileRef = 5E1E3FCE2405A9CC005D7608 /* FloatingHexagonsDemoVG.shared.swift */; };
		5E1E40152405A9CC005D7608 /* LocationDemoVG.shared.swift in Sources */ = {isa = PBXBuildFile; fileRef = 5E1E3FCF2405A9CC005D7608 /* LocationDemoVG.shared.swift */; };
		5E1E40162405A9CC005D7608 /* SegmentedControlDemoVG.shared.swift in Sources */ = {isa = PBXBuildFile; fileRef = 5E1E3FD02405A9CC005D7608 /* SegmentedControlDemoVG.shared.swift */; };
		5E1E40172405A9CC005D7608 /* MainVG.shared.swift in Sources */ = {isa = PBXBuildFile; fileRef = 5E1E3FD12405A9CC005D7608 /* MainVG.shared.swift */; };
		5E1E40182405A9CC005D7608 /* LoadImageDemoVG.shared.swift in Sources */ = {isa = PBXBuildFile; fileRef = 5E1E3FD22405A9CC005D7608 /* LoadImageDemoVG.shared.swift */; };
		5E1E40192405A9CC005D7608 /* ExternalTestVG.shared.swift in Sources */ = {isa = PBXBuildFile; fileRef = 5E1E3FD32405A9CC005D7608 /* ExternalTestVG.shared.swift */; };
		5E1E401A2405A9CC005D7608 /* DrawableDemoVG.shared.swift in Sources */ = {isa = PBXBuildFile; fileRef = 5E1E3FD42405A9CC005D7608 /* DrawableDemoVG.shared.swift */; };
		5E1E401B2405A9CC005D7608 /* ExampleContentVG.shared.swift in Sources */ = {isa = PBXBuildFile; fileRef = 5E1E3FD52405A9CC005D7608 /* ExampleContentVG.shared.swift */; };
		5E1E401C2405A9CC005D7608 /* SliderDemoVG.shared.swift in Sources */ = {isa = PBXBuildFile; fileRef = 5E1E3FD62405A9CC005D7608 /* SliderDemoVG.shared.swift */; };
		5E1E401D2405A9CC005D7608 /* MarginTestVG.shared.swift in Sources */ = {isa = PBXBuildFile; fileRef = 5E1E3FD72405A9CC005D7608 /* MarginTestVG.shared.swift */; };
		5E1E401E2405A9CC005D7608 /* MultipleDemoVG.shared.swift in Sources */ = {isa = PBXBuildFile; fileRef = 5E1E3FD82405A9CC005D7608 /* MultipleDemoVG.shared.swift */; };
		5E1E401F2405A9CC005D7608 /* ViewPagerDemoVG.shared.swift in Sources */ = {isa = PBXBuildFile; fileRef = 5E1E3FD92405A9CC005D7608 /* ViewPagerDemoVG.shared.swift */; };
		5E1E40202405A9CC005D7608 /* BleHostDemoVG.shared.swift in Sources */ = {isa = PBXBuildFile; fileRef = 5E1E3FDA2405A9CC005D7608 /* BleHostDemoVG.shared.swift */; };
		5E1E40212405A9CC005D7608 /* BleClientDemoVG.shared.swift in Sources */ = {isa = PBXBuildFile; fileRef = 5E1E3FDB2405A9CC005D7608 /* BleClientDemoVG.shared.swift */; };
		5E1E40222405A9CC005D7608 /* PongDemoVG.shared.swift in Sources */ = {isa = PBXBuildFile; fileRef = 5E1E3FDC2405A9CC005D7608 /* PongDemoVG.shared.swift */; };
		5E1E40232405A9CC005D7608 /* MapDemoVG.shared.swift in Sources */ = {isa = PBXBuildFile; fileRef = 5E1E3FDD2405A9CC005D7608 /* MapDemoVG.shared.swift */; };
		5E1E40242405A9CC005D7608 /* SelectDemoVG.shared.swift in Sources */ = {isa = PBXBuildFile; fileRef = 5E1E3FDE2405A9CC005D7608 /* SelectDemoVG.shared.swift */; };
		5E1E40252405A9CC005D7608 /* BleScanDemoVG.shared.swift in Sources */ = {isa = PBXBuildFile; fileRef = 5E1E3FDF2405A9CC005D7608 /* BleScanDemoVG.shared.swift */; };
		5E1E40262405A9CC005D7608 /* LoginDemoVG.shared.swift in Sources */ = {isa = PBXBuildFile; fileRef = 5E1E3FE02405A9CC005D7608 /* LoginDemoVG.shared.swift */; };
		5E1E40272405A9CC005D7608 /* PreviewVG.shared.swift in Sources */ = {isa = PBXBuildFile; fileRef = 5E1E3FE12405A9CC005D7608 /* PreviewVG.shared.swift */; };
		5E1E40282405A9CC005D7608 /* DateButtonDemoVG.shared.swift in Sources */ = {isa = PBXBuildFile; fileRef = 5E1E3FE22405A9CC005D7608 /* DateButtonDemoVG.shared.swift */; };
		5E1E40292405A9CC005D7608 /* Post.shared.swift in Sources */ = {isa = PBXBuildFile; fileRef = 5E1E3FE42405A9CC005D7608 /* Post.shared.swift */; };
		5E1E402A2405A9CC005D7608 /* APIMock.shared.swift in Sources */ = {isa = PBXBuildFile; fileRef = 5E1E3FE62405A9CC005D7608 /* APIMock.shared.swift */; };
		5E1E402B2405A9CC005D7608 /* API.shared.swift in Sources */ = {isa = PBXBuildFile; fileRef = 5E1E3FE72405A9CC005D7608 /* API.shared.swift */; };
		5E1E402C2405A9CC005D7608 /* APIInterface.shared.swift in Sources */ = {isa = PBXBuildFile; fileRef = 5E1E3FE82405A9CC005D7608 /* APIInterface.shared.swift */; };
		5E1E402D2405A9CC005D7608 /* APIOnline.shared.swift in Sources */ = {isa = PBXBuildFile; fileRef = 5E1E3FE92405A9CC005D7608 /* APIOnline.shared.swift */; };
		5E4B9B0F233C04DA00A43522 /* AppDelegate.swift in Sources */ = {isa = PBXBuildFile; fileRef = 5E4B9B0E233C04DA00A43522 /* AppDelegate.swift */; };
		5E4B9B15233C04DB00A43522 /* Assets.xcassets in Resources */ = {isa = PBXBuildFile; fileRef = 5E4B9B14233C04DB00A43522 /* Assets.xcassets */; };
		5E4B9B18233C04DB00A43522 /* Preview Assets.xcassets in Resources */ = {isa = PBXBuildFile; fileRef = 5E4B9B17233C04DB00A43522 /* Preview Assets.xcassets */; };
		5E4B9B1B233C04DB00A43522 /* LaunchScreen.storyboard in Resources */ = {isa = PBXBuildFile; fileRef = 5E4B9B19233C04DB00A43522 /* LaunchScreen.storyboard */; };
		5E4B9B26233C04DB00A43522 /* Khrysalis_TemplateTests.swift in Sources */ = {isa = PBXBuildFile; fileRef = 5E4B9B25233C04DB00A43522 /* Khrysalis_TemplateTests.swift */; };
		5E4B9B31233C04DB00A43522 /* Khrysalis_TemplateUITests.swift in Sources */ = {isa = PBXBuildFile; fileRef = 5E4B9B30233C04DB00A43522 /* Khrysalis_TemplateUITests.swift */; };
		5E4B9CC1233C077800A43522 /* opensans_bold.ttf in Resources */ = {isa = PBXBuildFile; fileRef = 5E4B9C5C233C077800A43522 /* opensans_bold.ttf */; };
		5E4B9CC2233C077800A43522 /* opensans_regular.ttf in Resources */ = {isa = PBXBuildFile; fileRef = 5E4B9C5D233C077800A43522 /* opensans_regular.ttf */; };
		5E4B9CC3233C077800A43522 /* opensans_italic.ttf in Resources */ = {isa = PBXBuildFile; fileRef = 5E4B9C5E233C077800A43522 /* opensans_italic.ttf */; };
		5E4B9CC4233C077800A43522 /* opensans_bold_italic.ttf in Resources */ = {isa = PBXBuildFile; fileRef = 5E4B9C5F233C077800A43522 /* opensans_bold_italic.ttf */; };
/* End PBXBuildFile section */

/* Begin PBXContainerItemProxy section */
		5E4B9B22233C04DB00A43522 /* PBXContainerItemProxy */ = {
			isa = PBXContainerItemProxy;
			containerPortal = 5E4B9B03233C04DA00A43522 /* Project object */;
			proxyType = 1;
			remoteGlobalIDString = 5E4B9B0A233C04DA00A43522;
			remoteInfo = "Khrysalis Template";
		};
		5E4B9B2D233C04DB00A43522 /* PBXContainerItemProxy */ = {
			isa = PBXContainerItemProxy;
			containerPortal = 5E4B9B03233C04DA00A43522 /* Project object */;
			proxyType = 1;
			remoteGlobalIDString = 5E4B9B0A233C04DA00A43522;
			remoteInfo = "Khrysalis Template";
		};
/* End PBXContainerItemProxy section */

/* Begin PBXFileReference section */
		42BAEC7029D5A331DB830BB0 /* libPods-Khrysalis Template.a */ = {isa = PBXFileReference; explicitFileType = archive.ar; includeInIndex = 0; path = "libPods-Khrysalis Template.a"; sourceTree = BUILT_PRODUCTS_DIR; };
		5E1E3F9E2405A9CC005D7608 /* strings.swift */ = {isa = PBXFileReference; fileEncoding = 4; lastKnownFileType = sourcecode.swift; path = strings.swift; sourceTree = "<group>"; };
		5E1E3FA02405A9CC005D7608 /* buttonAccentDrawable.swift */ = {isa = PBXFileReference; fileEncoding = 4; lastKnownFileType = sourcecode.swift; path = buttonAccentDrawable.swift; sourceTree = "<group>"; };
		5E1E3FA12405A9CC005D7608 /* icExposureBlack24dpDrawable.swift */ = {isa = PBXFileReference; fileEncoding = 4; lastKnownFileType = sourcecode.swift; path = icExposureBlack24dpDrawable.swift; sourceTree = "<group>"; };
		5E1E3FA22405A9CC005D7608 /* buttonPrimaryDrawable.swift */ = {isa = PBXFileReference; fileEncoding = 4; lastKnownFileType = sourcecode.swift; path = buttonPrimaryDrawable.swift; sourceTree = "<group>"; };
		5E1E3FA32405A9CC005D7608 /* icArrowBackWhite24dpDrawable.swift */ = {isa = PBXFileReference; fileEncoding = 4; lastKnownFileType = sourcecode.swift; path = icArrowBackWhite24dpDrawable.swift; sourceTree = "<group>"; };
		5E1E3FA42405A9CC005D7608 /* borderDrawable.swift */ = {isa = PBXFileReference; fileEncoding = 4; lastKnownFileType = sourcecode.swift; path = borderDrawable.swift; sourceTree = "<group>"; };
		5E1E3FA52405A9CC005D7608 /* icAndroidBlack24dpDrawable.swift */ = {isa = PBXFileReference; fileEncoding = 4; lastKnownFileType = sourcecode.swift; path = icAndroidBlack24dpDrawable.swift; sourceTree = "<group>"; };
		5E1E3FA62405A9CC005D7608 /* buttonDisabledDrawable.swift */ = {isa = PBXFileReference; fileEncoding = 4; lastKnownFileType = sourcecode.swift; path = buttonDisabledDrawable.swift; sourceTree = "<group>"; };
		5E1E3FA72405A9CC005D7608 /* icLauncherForegroundDrawable.swift */ = {isa = PBXFileReference; fileEncoding = 4; lastKnownFileType = sourcecode.swift; path = icLauncherForegroundDrawable.swift; sourceTree = "<group>"; };
		5E1E3FA82405A9CC005D7608 /* icLauncherBackgroundDrawable.swift */ = {isa = PBXFileReference; fileEncoding = 4; lastKnownFileType = sourcecode.swift; path = icLauncherBackgroundDrawable.swift; sourceTree = "<group>"; };
		5E1E3FA92405A9CC005D7608 /* ResourcesDrawables.swift */ = {isa = PBXFileReference; fileEncoding = 4; lastKnownFileType = sourcecode.swift; path = ResourcesDrawables.swift; sourceTree = "<group>"; };
		5E1E3FAA2405A9CC005D7608 /* icBeachAccessBlack24dpDrawable.swift */ = {isa = PBXFileReference; fileEncoding = 4; lastKnownFileType = sourcecode.swift; path = icBeachAccessBlack24dpDrawable.swift; sourceTree = "<group>"; };
		5E1E3FAB2405A9CC005D7608 /* PNGs.swift */ = {isa = PBXFileReference; fileEncoding = 4; lastKnownFileType = sourcecode.swift; path = PNGs.swift; sourceTree = "<group>"; };
		5E1E3FAD2405A9CC005D7608 /* ComponentTextXml.swift */ = {isa = PBXFileReference; fileEncoding = 4; lastKnownFileType = sourcecode.swift; path = ComponentTextXml.swift; sourceTree = "<group>"; };
		5E1E3FAE2405A9CC005D7608 /* FloatingHexagonsDemoXml.swift */ = {isa = PBXFileReference; fileEncoding = 4; lastKnownFileType = sourcecode.swift; path = FloatingHexagonsDemoXml.swift; sourceTree = "<group>"; };
		5E1E3FAF2405A9CC005D7608 /* MultipleDemoXml.swift */ = {isa = PBXFileReference; fileEncoding = 4; lastKnownFileType = sourcecode.swift; path = MultipleDemoXml.swift; sourceTree = "<group>"; };
		5E1E3FB02405A9CC005D7608 /* DateButtonDemoXml.swift */ = {isa = PBXFileReference; fileEncoding = 4; lastKnownFileType = sourcecode.swift; path = DateButtonDemoXml.swift; sourceTree = "<group>"; };
		5E1E3FB12405A9CC005D7608 /* BleScanDemoXml.swift */ = {isa = PBXFileReference; fileEncoding = 4; lastKnownFileType = sourcecode.swift; path = BleScanDemoXml.swift; sourceTree = "<group>"; };
		5E1E3FB22405A9CC005D7608 /* LocationDemoXml.swift */ = {isa = PBXFileReference; fileEncoding = 4; lastKnownFileType = sourcecode.swift; path = LocationDemoXml.swift; sourceTree = "<group>"; };
		5E1E3FB32405A9CC005D7608 /* PongDemoXml.swift */ = {isa = PBXFileReference; fileEncoding = 4; lastKnownFileType = sourcecode.swift; path = PongDemoXml.swift; sourceTree = "<group>"; };
		5E1E3FB42405A9CC005D7608 /* DrawableDemoXml.swift */ = {isa = PBXFileReference; fileEncoding = 4; lastKnownFileType = sourcecode.swift; path = DrawableDemoXml.swift; sourceTree = "<group>"; };
		5E1E3FB52405A9CC005D7608 /* ViewPagerDemoXml.swift */ = {isa = PBXFileReference; fileEncoding = 4; lastKnownFileType = sourcecode.swift; path = ViewPagerDemoXml.swift; sourceTree = "<group>"; };
		5E1E3FB62405A9CC005D7608 /* PreviewXml.swift */ = {isa = PBXFileReference; fileEncoding = 4; lastKnownFileType = sourcecode.swift; path = PreviewXml.swift; sourceTree = "<group>"; };
		5E1E3FB72405A9CC005D7608 /* SliderDemoXml.swift */ = {isa = PBXFileReference; fileEncoding = 4; lastKnownFileType = sourcecode.swift; path = SliderDemoXml.swift; sourceTree = "<group>"; };
		5E1E3FB82405A9CC005D7608 /* ComponentTestXml.swift */ = {isa = PBXFileReference; fileEncoding = 4; lastKnownFileType = sourcecode.swift; path = ComponentTestXml.swift; sourceTree = "<group>"; };
		5E1E3FB92405A9CC005D7608 /* ControlsDemoXml.swift */ = {isa = PBXFileReference; fileEncoding = 4; lastKnownFileType = sourcecode.swift; path = ControlsDemoXml.swift; sourceTree = "<group>"; };
		5E1E3FBA2405A9CC005D7608 /* MarginTestXml.swift */ = {isa = PBXFileReference; fileEncoding = 4; lastKnownFileType = sourcecode.swift; path = MarginTestXml.swift; sourceTree = "<group>"; };
		5E1E3FBB2405A9CC005D7608 /* LoginDemoXml.swift */ = {isa = PBXFileReference; fileEncoding = 4; lastKnownFileType = sourcecode.swift; path = LoginDemoXml.swift; sourceTree = "<group>"; };
		5E1E3FBC2405A9CC005D7608 /* LoadImageDemoXml.swift */ = {isa = PBXFileReference; fileEncoding = 4; lastKnownFileType = sourcecode.swift; path = LoadImageDemoXml.swift; sourceTree = "<group>"; };
		5E1E3FBD2405A9CC005D7608 /* ExampleContentXml.swift */ = {isa = PBXFileReference; fileEncoding = 4; lastKnownFileType = sourcecode.swift; path = ExampleContentXml.swift; sourceTree = "<group>"; };
		5E1E3FBE2405A9CC005D7608 /* SelectDemoXml.swift */ = {isa = PBXFileReference; fileEncoding = 4; lastKnownFileType = sourcecode.swift; path = SelectDemoXml.swift; sourceTree = "<group>"; };
		5E1E3FBF2405A9CC005D7608 /* BleClientDemoXml.swift */ = {isa = PBXFileReference; fileEncoding = 4; lastKnownFileType = sourcecode.swift; path = BleClientDemoXml.swift; sourceTree = "<group>"; };
		5E1E3FC02405A9CC005D7608 /* ComponentBleDeviceXml.swift */ = {isa = PBXFileReference; fileEncoding = 4; lastKnownFileType = sourcecode.swift; path = ComponentBleDeviceXml.swift; sourceTree = "<group>"; };
		5E1E3FC12405A9CC005D7608 /* DateRangeDemoXml.swift */ = {isa = PBXFileReference; fileEncoding = 4; lastKnownFileType = sourcecode.swift; path = DateRangeDemoXml.swift; sourceTree = "<group>"; };
		5E1E3FC22405A9CC005D7608 /* ExternalTestXml.swift */ = {isa = PBXFileReference; fileEncoding = 4; lastKnownFileType = sourcecode.swift; path = ExternalTestXml.swift; sourceTree = "<group>"; };
		5E1E3FC32405A9CC005D7608 /* MapDemoXml.swift */ = {isa = PBXFileReference; fileEncoding = 4; lastKnownFileType = sourcecode.swift; path = MapDemoXml.swift; sourceTree = "<group>"; };
		5E1E3FC42405A9CC005D7608 /* BleHostDemoXml.swift */ = {isa = PBXFileReference; fileEncoding = 4; lastKnownFileType = sourcecode.swift; path = BleHostDemoXml.swift; sourceTree = "<group>"; };
		5E1E3FC52405A9CC005D7608 /* SegmentedControlDemoXml.swift */ = {isa = PBXFileReference; fileEncoding = 4; lastKnownFileType = sourcecode.swift; path = SegmentedControlDemoXml.swift; sourceTree = "<group>"; };
		5E1E3FC62405A9CC005D7608 /* MainXml.swift */ = {isa = PBXFileReference; fileEncoding = 4; lastKnownFileType = sourcecode.swift; path = MainXml.swift; sourceTree = "<group>"; };
		5E1E3FC72405A9CC005D7608 /* colors.swift */ = {isa = PBXFileReference; fileEncoding = 4; lastKnownFileType = sourcecode.swift; path = colors.swift; sourceTree = "<group>"; };
		5E1E3FCC2405A9CC005D7608 /* ControlsDemoVG.shared.swift */ = {isa = PBXFileReference; fileEncoding = 4; lastKnownFileType = sourcecode.swift; path = ControlsDemoVG.shared.swift; sourceTree = "<group>"; };
		5E1E3FCD2405A9CC005D7608 /* DateRangeDemoVG.shared.swift */ = {isa = PBXFileReference; fileEncoding = 4; lastKnownFileType = sourcecode.swift; path = DateRangeDemoVG.shared.swift; sourceTree = "<group>"; };
		5E1E3FCE2405A9CC005D7608 /* FloatingHexagonsDemoVG.shared.swift */ = {isa = PBXFileReference; fileEncoding = 4; lastKnownFileType = sourcecode.swift; path = FloatingHexagonsDemoVG.shared.swift; sourceTree = "<group>"; };
		5E1E3FCF2405A9CC005D7608 /* LocationDemoVG.shared.swift */ = {isa = PBXFileReference; fileEncoding = 4; lastKnownFileType = sourcecode.swift; path = LocationDemoVG.shared.swift; sourceTree = "<group>"; };
		5E1E3FD02405A9CC005D7608 /* SegmentedControlDemoVG.shared.swift */ = {isa = PBXFileReference; fileEncoding = 4; lastKnownFileType = sourcecode.swift; path = SegmentedControlDemoVG.shared.swift; sourceTree = "<group>"; };
		5E1E3FD12405A9CC005D7608 /* MainVG.shared.swift */ = {isa = PBXFileReference; fileEncoding = 4; lastKnownFileType = sourcecode.swift; path = MainVG.shared.swift; sourceTree = "<group>"; };
		5E1E3FD22405A9CC005D7608 /* LoadImageDemoVG.shared.swift */ = {isa = PBXFileReference; fileEncoding = 4; lastKnownFileType = sourcecode.swift; path = LoadImageDemoVG.shared.swift; sourceTree = "<group>"; };
		5E1E3FD32405A9CC005D7608 /* ExternalTestVG.shared.swift */ = {isa = PBXFileReference; fileEncoding = 4; lastKnownFileType = sourcecode.swift; path = ExternalTestVG.shared.swift; sourceTree = "<group>"; };
		5E1E3FD42405A9CC005D7608 /* DrawableDemoVG.shared.swift */ = {isa = PBXFileReference; fileEncoding = 4; lastKnownFileType = sourcecode.swift; path = DrawableDemoVG.shared.swift; sourceTree = "<group>"; };
		5E1E3FD52405A9CC005D7608 /* ExampleContentVG.shared.swift */ = {isa = PBXFileReference; fileEncoding = 4; lastKnownFileType = sourcecode.swift; path = ExampleContentVG.shared.swift; sourceTree = "<group>"; };
		5E1E3FD62405A9CC005D7608 /* SliderDemoVG.shared.swift */ = {isa = PBXFileReference; fileEncoding = 4; lastKnownFileType = sourcecode.swift; path = SliderDemoVG.shared.swift; sourceTree = "<group>"; };
		5E1E3FD72405A9CC005D7608 /* MarginTestVG.shared.swift */ = {isa = PBXFileReference; fileEncoding = 4; lastKnownFileType = sourcecode.swift; path = MarginTestVG.shared.swift; sourceTree = "<group>"; };
		5E1E3FD82405A9CC005D7608 /* MultipleDemoVG.shared.swift */ = {isa = PBXFileReference; fileEncoding = 4; lastKnownFileType = sourcecode.swift; path = MultipleDemoVG.shared.swift; sourceTree = "<group>"; };
		5E1E3FD92405A9CC005D7608 /* ViewPagerDemoVG.shared.swift */ = {isa = PBXFileReference; fileEncoding = 4; lastKnownFileType = sourcecode.swift; path = ViewPagerDemoVG.shared.swift; sourceTree = "<group>"; };
		5E1E3FDA2405A9CC005D7608 /* BleHostDemoVG.shared.swift */ = {isa = PBXFileReference; fileEncoding = 4; lastKnownFileType = sourcecode.swift; path = BleHostDemoVG.shared.swift; sourceTree = "<group>"; };
		5E1E3FDB2405A9CC005D7608 /* BleClientDemoVG.shared.swift */ = {isa = PBXFileReference; fileEncoding = 4; lastKnownFileType = sourcecode.swift; path = BleClientDemoVG.shared.swift; sourceTree = "<group>"; };
		5E1E3FDC2405A9CC005D7608 /* PongDemoVG.shared.swift */ = {isa = PBXFileReference; fileEncoding = 4; lastKnownFileType = sourcecode.swift; path = PongDemoVG.shared.swift; sourceTree = "<group>"; };
		5E1E3FDD2405A9CC005D7608 /* MapDemoVG.shared.swift */ = {isa = PBXFileReference; fileEncoding = 4; lastKnownFileType = sourcecode.swift; path = MapDemoVG.shared.swift; sourceTree = "<group>"; };
		5E1E3FDE2405A9CC005D7608 /* SelectDemoVG.shared.swift */ = {isa = PBXFileReference; fileEncoding = 4; lastKnownFileType = sourcecode.swift; path = SelectDemoVG.shared.swift; sourceTree = "<group>"; };
		5E1E3FDF2405A9CC005D7608 /* BleScanDemoVG.shared.swift */ = {isa = PBXFileReference; fileEncoding = 4; lastKnownFileType = sourcecode.swift; path = BleScanDemoVG.shared.swift; sourceTree = "<group>"; };
		5E1E3FE02405A9CC005D7608 /* LoginDemoVG.shared.swift */ = {isa = PBXFileReference; fileEncoding = 4; lastKnownFileType = sourcecode.swift; path = LoginDemoVG.shared.swift; sourceTree = "<group>"; };
		5E1E3FE12405A9CC005D7608 /* PreviewVG.shared.swift */ = {isa = PBXFileReference; fileEncoding = 4; lastKnownFileType = sourcecode.swift; path = PreviewVG.shared.swift; sourceTree = "<group>"; };
		5E1E3FE22405A9CC005D7608 /* DateButtonDemoVG.shared.swift */ = {isa = PBXFileReference; fileEncoding = 4; lastKnownFileType = sourcecode.swift; path = DateButtonDemoVG.shared.swift; sourceTree = "<group>"; };
		5E1E3FE42405A9CC005D7608 /* Post.shared.swift */ = {isa = PBXFileReference; fileEncoding = 4; lastKnownFileType = sourcecode.swift; path = Post.shared.swift; sourceTree = "<group>"; };
		5E1E3FE62405A9CC005D7608 /* APIMock.shared.swift */ = {isa = PBXFileReference; fileEncoding = 4; lastKnownFileType = sourcecode.swift; path = APIMock.shared.swift; sourceTree = "<group>"; };
		5E1E3FE72405A9CC005D7608 /* API.shared.swift */ = {isa = PBXFileReference; fileEncoding = 4; lastKnownFileType = sourcecode.swift; path = API.shared.swift; sourceTree = "<group>"; };
		5E1E3FE82405A9CC005D7608 /* APIInterface.shared.swift */ = {isa = PBXFileReference; fileEncoding = 4; lastKnownFileType = sourcecode.swift; path = APIInterface.shared.swift; sourceTree = "<group>"; };
		5E1E3FE92405A9CC005D7608 /* APIOnline.shared.swift */ = {isa = PBXFileReference; fileEncoding = 4; lastKnownFileType = sourcecode.swift; path = APIOnline.shared.swift; sourceTree = "<group>"; };
		5E4B9B0B233C04DA00A43522 /* Khrysalis Template.app */ = {isa = PBXFileReference; explicitFileType = wrapper.application; includeInIndex = 0; path = "Khrysalis Template.app"; sourceTree = BUILT_PRODUCTS_DIR; };
		5E4B9B0E233C04DA00A43522 /* AppDelegate.swift */ = {isa = PBXFileReference; lastKnownFileType = sourcecode.swift; path = AppDelegate.swift; sourceTree = "<group>"; };
		5E4B9B14233C04DB00A43522 /* Assets.xcassets */ = {isa = PBXFileReference; lastKnownFileType = folder.assetcatalog; path = Assets.xcassets; sourceTree = "<group>"; };
		5E4B9B17233C04DB00A43522 /* Preview Assets.xcassets */ = {isa = PBXFileReference; lastKnownFileType = folder.assetcatalog; path = "Preview Assets.xcassets"; sourceTree = "<group>"; };
		5E4B9B1A233C04DB00A43522 /* Base */ = {isa = PBXFileReference; lastKnownFileType = file.storyboard; name = Base; path = Base.lproj/LaunchScreen.storyboard; sourceTree = "<group>"; };
		5E4B9B1C233C04DB00A43522 /* Info.plist */ = {isa = PBXFileReference; lastKnownFileType = text.plist.xml; path = Info.plist; sourceTree = "<group>"; };
		5E4B9B21233C04DB00A43522 /* Khrysalis TemplateTests.xctest */ = {isa = PBXFileReference; explicitFileType = wrapper.cfbundle; includeInIndex = 0; path = "Khrysalis TemplateTests.xctest"; sourceTree = BUILT_PRODUCTS_DIR; };
		5E4B9B25233C04DB00A43522 /* Khrysalis_TemplateTests.swift */ = {isa = PBXFileReference; lastKnownFileType = sourcecode.swift; path = Khrysalis_TemplateTests.swift; sourceTree = "<group>"; };
		5E4B9B27233C04DB00A43522 /* Info.plist */ = {isa = PBXFileReference; lastKnownFileType = text.plist.xml; path = Info.plist; sourceTree = "<group>"; };
		5E4B9B2C233C04DB00A43522 /* Khrysalis TemplateUITests.xctest */ = {isa = PBXFileReference; explicitFileType = wrapper.cfbundle; includeInIndex = 0; path = "Khrysalis TemplateUITests.xctest"; sourceTree = BUILT_PRODUCTS_DIR; };
		5E4B9B30233C04DB00A43522 /* Khrysalis_TemplateUITests.swift */ = {isa = PBXFileReference; lastKnownFileType = sourcecode.swift; path = Khrysalis_TemplateUITests.swift; sourceTree = "<group>"; };
		5E4B9B32233C04DB00A43522 /* Info.plist */ = {isa = PBXFileReference; lastKnownFileType = text.plist.xml; path = Info.plist; sourceTree = "<group>"; };
		5E4B9C5C233C077800A43522 /* opensans_bold.ttf */ = {isa = PBXFileReference; lastKnownFileType = file; path = opensans_bold.ttf; sourceTree = "<group>"; };
		5E4B9C5D233C077800A43522 /* opensans_regular.ttf */ = {isa = PBXFileReference; lastKnownFileType = file; path = opensans_regular.ttf; sourceTree = "<group>"; };
		5E4B9C5E233C077800A43522 /* opensans_italic.ttf */ = {isa = PBXFileReference; lastKnownFileType = file; path = opensans_italic.ttf; sourceTree = "<group>"; };
		5E4B9C5F233C077800A43522 /* opensans_bold_italic.ttf */ = {isa = PBXFileReference; lastKnownFileType = file; path = opensans_bold_italic.ttf; sourceTree = "<group>"; };
		7468484A0C58EB8A64BDAF30 /* Pods-Khrysalis Template.release.xcconfig */ = {isa = PBXFileReference; includeInIndex = 1; lastKnownFileType = text.xcconfig; name = "Pods-Khrysalis Template.release.xcconfig"; path = "Pods/Target Support Files/Pods-Khrysalis Template/Pods-Khrysalis Template.release.xcconfig"; sourceTree = "<group>"; };
		C7B8007981CA49C05BBAAA76 /* Pods-Khrysalis Template.debug.xcconfig */ = {isa = PBXFileReference; includeInIndex = 1; lastKnownFileType = text.xcconfig; name = "Pods-Khrysalis Template.debug.xcconfig"; path = "Pods/Target Support Files/Pods-Khrysalis Template/Pods-Khrysalis Template.debug.xcconfig"; sourceTree = "<group>"; };
/* End PBXFileReference section */

/* Begin PBXFrameworksBuildPhase section */
		5E4B9B08233C04DA00A43522 /* Frameworks */ = {
			isa = PBXFrameworksBuildPhase;
			buildActionMask = 2147483647;
			files = (
				2E2B24B59DD425A1D65F4B20 /* libPods-Khrysalis Template.a in Frameworks */,
			);
			runOnlyForDeploymentPostprocessing = 0;
		};
		5E4B9B1E233C04DB00A43522 /* Frameworks */ = {
			isa = PBXFrameworksBuildPhase;
			buildActionMask = 2147483647;
			files = (
			);
			runOnlyForDeploymentPostprocessing = 0;
		};
		5E4B9B29233C04DB00A43522 /* Frameworks */ = {
			isa = PBXFrameworksBuildPhase;
			buildActionMask = 2147483647;
			files = (
			);
			runOnlyForDeploymentPostprocessing = 0;
		};
/* End PBXFrameworksBuildPhase section */

/* Begin PBXGroup section */
		2A8CC139B4318757B99CB344 /* Frameworks */ = {
			isa = PBXGroup;
			children = (
				42BAEC7029D5A331DB830BB0 /* libPods-Khrysalis Template.a */,
			);
			name = Frameworks;
			sourceTree = "<group>";
		};
		4F58773D51F6464912E99FFD /* Pods */ = {
			isa = PBXGroup;
			children = (
				C7B8007981CA49C05BBAAA76 /* Pods-Khrysalis Template.debug.xcconfig */,
				7468484A0C58EB8A64BDAF30 /* Pods-Khrysalis Template.release.xcconfig */,
			);
			name = Pods;
			sourceTree = "<group>";
		};
		5E1E3F9D2405A9CC005D7608 /* swiftResources */ = {
			isa = PBXGroup;
			children = (
				5E1E3F9E2405A9CC005D7608 /* strings.swift */,
				5E1E3F9F2405A9CC005D7608 /* drawable */,
				5E1E3FAC2405A9CC005D7608 /* layouts */,
				5E1E3FC72405A9CC005D7608 /* colors.swift */,
			);
			path = swiftResources;
			sourceTree = "<group>";
		};
		5E1E3F9F2405A9CC005D7608 /* drawable */ = {
			isa = PBXGroup;
			children = (
				5E1E3FA02405A9CC005D7608 /* buttonAccentDrawable.swift */,
				5E1E3FA12405A9CC005D7608 /* icExposureBlack24dpDrawable.swift */,
				5E1E3FA22405A9CC005D7608 /* buttonPrimaryDrawable.swift */,
				5E1E3FA32405A9CC005D7608 /* icArrowBackWhite24dpDrawable.swift */,
				5E1E3FA42405A9CC005D7608 /* borderDrawable.swift */,
				5E1E3FA52405A9CC005D7608 /* icAndroidBlack24dpDrawable.swift */,
				5E1E3FA62405A9CC005D7608 /* buttonDisabledDrawable.swift */,
				5E1E3FA72405A9CC005D7608 /* icLauncherForegroundDrawable.swift */,
				5E1E3FA82405A9CC005D7608 /* icLauncherBackgroundDrawable.swift */,
				5E1E3FA92405A9CC005D7608 /* ResourcesDrawables.swift */,
				5E1E3FAA2405A9CC005D7608 /* icBeachAccessBlack24dpDrawable.swift */,
				5E1E3FAB2405A9CC005D7608 /* PNGs.swift */,
			);
			path = drawable;
			sourceTree = "<group>";
		};
		5E1E3FAC2405A9CC005D7608 /* layouts */ = {
			isa = PBXGroup;
			children = (
				5E1E3FAD2405A9CC005D7608 /* ComponentTextXml.swift */,
				5E1E3FAE2405A9CC005D7608 /* FloatingHexagonsDemoXml.swift */,
				5E1E3FAF2405A9CC005D7608 /* MultipleDemoXml.swift */,
				5E1E3FB02405A9CC005D7608 /* DateButtonDemoXml.swift */,
				5E1E3FB12405A9CC005D7608 /* BleScanDemoXml.swift */,
				5E1E3FB22405A9CC005D7608 /* LocationDemoXml.swift */,
				5E1E3FB32405A9CC005D7608 /* PongDemoXml.swift */,
				5E1E3FB42405A9CC005D7608 /* DrawableDemoXml.swift */,
				5E1E3FB52405A9CC005D7608 /* ViewPagerDemoXml.swift */,
				5E1E3FB62405A9CC005D7608 /* PreviewXml.swift */,
				5E1E3FB72405A9CC005D7608 /* SliderDemoXml.swift */,
				5E1E3FB82405A9CC005D7608 /* ComponentTestXml.swift */,
				5E1E3FB92405A9CC005D7608 /* ControlsDemoXml.swift */,
				5E1E3FBA2405A9CC005D7608 /* MarginTestXml.swift */,
				5E1E3FBB2405A9CC005D7608 /* LoginDemoXml.swift */,
				5E1E3FBC2405A9CC005D7608 /* LoadImageDemoXml.swift */,
				5E1E3FBD2405A9CC005D7608 /* ExampleContentXml.swift */,
				5E1E3FBE2405A9CC005D7608 /* SelectDemoXml.swift */,
				5E1E3FBF2405A9CC005D7608 /* BleClientDemoXml.swift */,
				5E1E3FC02405A9CC005D7608 /* ComponentBleDeviceXml.swift */,
				5E1E3FC12405A9CC005D7608 /* DateRangeDemoXml.swift */,
				5E1E3FC22405A9CC005D7608 /* ExternalTestXml.swift */,
				5E1E3FC32405A9CC005D7608 /* MapDemoXml.swift */,
				5E1E3FC42405A9CC005D7608 /* BleHostDemoXml.swift */,
				5E1E3FC52405A9CC005D7608 /* SegmentedControlDemoXml.swift */,
				5E1E3FC62405A9CC005D7608 /* MainXml.swift */,
			);
			path = layouts;
			sourceTree = "<group>";
		};
		5E1E3FC82405A9CC005D7608 /* com */ = {
			isa = PBXGroup;
			children = (
				5E1E3FC92405A9CC005D7608 /* lightningkite */,
			);
			path = com;
			sourceTree = "<group>";
		};
		5E1E3FC92405A9CC005D7608 /* lightningkite */ = {
			isa = PBXGroup;
			children = (
				5E1E3FCA2405A9CC005D7608 /* khrysalistemplate */,
			);
			path = lightningkite;
			sourceTree = "<group>";
		};
		5E1E3FCA2405A9CC005D7608 /* khrysalistemplate */ = {
			isa = PBXGroup;
			children = (
				5E1E3FCB2405A9CC005D7608 /* vg */,
				5E1E3FE32405A9CC005D7608 /* models */,
				5E1E3FE52405A9CC005D7608 /* api */,
			);
			path = khrysalistemplate;
			sourceTree = "<group>";
		};
		5E1E3FCB2405A9CC005D7608 /* vg */ = {
			isa = PBXGroup;
			children = (
				5E1E3FCC2405A9CC005D7608 /* ControlsDemoVG.shared.swift */,
				5E1E3FCD2405A9CC005D7608 /* DateRangeDemoVG.shared.swift */,
				5E1E3FCE2405A9CC005D7608 /* FloatingHexagonsDemoVG.shared.swift */,
				5E1E3FCF2405A9CC005D7608 /* LocationDemoVG.shared.swift */,
				5E1E3FD02405A9CC005D7608 /* SegmentedControlDemoVG.shared.swift */,
				5E1E3FD12405A9CC005D7608 /* MainVG.shared.swift */,
				5E1E3FD22405A9CC005D7608 /* LoadImageDemoVG.shared.swift */,
				5E1E3FD32405A9CC005D7608 /* ExternalTestVG.shared.swift */,
				5E1E3FD42405A9CC005D7608 /* DrawableDemoVG.shared.swift */,
				5E1E3FD52405A9CC005D7608 /* ExampleContentVG.shared.swift */,
				5E1E3FD62405A9CC005D7608 /* SliderDemoVG.shared.swift */,
				5E1E3FD72405A9CC005D7608 /* MarginTestVG.shared.swift */,
				5E1E3FD82405A9CC005D7608 /* MultipleDemoVG.shared.swift */,
				5E1E3FD92405A9CC005D7608 /* ViewPagerDemoVG.shared.swift */,
				5E1E3FDA2405A9CC005D7608 /* BleHostDemoVG.shared.swift */,
				5E1E3FDB2405A9CC005D7608 /* BleClientDemoVG.shared.swift */,
				5E1E3FDC2405A9CC005D7608 /* PongDemoVG.shared.swift */,
				5E1E3FDD2405A9CC005D7608 /* MapDemoVG.shared.swift */,
				5E1E3FDE2405A9CC005D7608 /* SelectDemoVG.shared.swift */,
				5E1E3FDF2405A9CC005D7608 /* BleScanDemoVG.shared.swift */,
				5E1E3FE02405A9CC005D7608 /* LoginDemoVG.shared.swift */,
				5E1E3FE12405A9CC005D7608 /* PreviewVG.shared.swift */,
				5E1E3FE22405A9CC005D7608 /* DateButtonDemoVG.shared.swift */,
			);
			path = vg;
			sourceTree = "<group>";
		};
		5E1E3FE32405A9CC005D7608 /* models */ = {
			isa = PBXGroup;
			children = (
				5E1E3FE42405A9CC005D7608 /* Post.shared.swift */,
			);
			path = models;
			sourceTree = "<group>";
		};
		5E1E3FE52405A9CC005D7608 /* api */ = {
			isa = PBXGroup;
			children = (
				5E1E3FE62405A9CC005D7608 /* APIMock.shared.swift */,
				5E1E3FE72405A9CC005D7608 /* API.shared.swift */,
				5E1E3FE82405A9CC005D7608 /* APIInterface.shared.swift */,
				5E1E3FE92405A9CC005D7608 /* APIOnline.shared.swift */,
			);
			path = api;
			sourceTree = "<group>";
		};
		5E4B9B02233C04DA00A43522 = {
			isa = PBXGroup;
			children = (
				5E4B9B0D233C04DA00A43522 /* Khrysalis Template */,
				5E4B9B24233C04DB00A43522 /* Khrysalis TemplateTests */,
				5E4B9B2F233C04DB00A43522 /* Khrysalis TemplateUITests */,
				5E4B9B0C233C04DA00A43522 /* Products */,
				4F58773D51F6464912E99FFD /* Pods */,
				2A8CC139B4318757B99CB344 /* Frameworks */,
			);
			sourceTree = "<group>";
		};
		5E4B9B0C233C04DA00A43522 /* Products */ = {
			isa = PBXGroup;
			children = (
				5E4B9B0B233C04DA00A43522 /* Khrysalis Template.app */,
				5E4B9B21233C04DB00A43522 /* Khrysalis TemplateTests.xctest */,
				5E4B9B2C233C04DB00A43522 /* Khrysalis TemplateUITests.xctest */,
			);
			name = Products;
			sourceTree = "<group>";
		};
		5E4B9B0D233C04DA00A43522 /* Khrysalis Template */ = {
			isa = PBXGroup;
			children = (
				5E1E3FC82405A9CC005D7608 /* com */,
				5E1E3F9D2405A9CC005D7608 /* swiftResources */,
				5E4B9C5B233C077800A43522 /* fonts */,
				5E4B9B0E233C04DA00A43522 /* AppDelegate.swift */,
				5E4B9B14233C04DB00A43522 /* Assets.xcassets */,
				5E4B9B19233C04DB00A43522 /* LaunchScreen.storyboard */,
				5E4B9B1C233C04DB00A43522 /* Info.plist */,
				5E4B9B16233C04DB00A43522 /* Preview Content */,
			);
			path = "Khrysalis Template";
			sourceTree = "<group>";
		};
		5E4B9B16233C04DB00A43522 /* Preview Content */ = {
			isa = PBXGroup;
			children = (
				5E4B9B17233C04DB00A43522 /* Preview Assets.xcassets */,
			);
			path = "Preview Content";
			sourceTree = "<group>";
		};
		5E4B9B24233C04DB00A43522 /* Khrysalis TemplateTests */ = {
			isa = PBXGroup;
			children = (
				5E4B9B25233C04DB00A43522 /* Khrysalis_TemplateTests.swift */,
				5E4B9B27233C04DB00A43522 /* Info.plist */,
			);
			path = "Khrysalis TemplateTests";
			sourceTree = "<group>";
		};
		5E4B9B2F233C04DB00A43522 /* Khrysalis TemplateUITests */ = {
			isa = PBXGroup;
			children = (
				5E4B9B30233C04DB00A43522 /* Khrysalis_TemplateUITests.swift */,
				5E4B9B32233C04DB00A43522 /* Info.plist */,
			);
			path = "Khrysalis TemplateUITests";
			sourceTree = "<group>";
		};
		5E4B9C5B233C077800A43522 /* fonts */ = {
			isa = PBXGroup;
			children = (
				5E4B9C5C233C077800A43522 /* opensans_bold.ttf */,
				5E4B9C5D233C077800A43522 /* opensans_regular.ttf */,
				5E4B9C5E233C077800A43522 /* opensans_italic.ttf */,
				5E4B9C5F233C077800A43522 /* opensans_bold_italic.ttf */,
			);
			path = fonts;
			sourceTree = "<group>";
		};
/* End PBXGroup section */

/* Begin PBXNativeTarget section */
		5E4B9B0A233C04DA00A43522 /* Khrysalis Template */ = {
			isa = PBXNativeTarget;
			buildConfigurationList = 5E4B9B35233C04DB00A43522 /* Build configuration list for PBXNativeTarget "Khrysalis Template" */;
			buildPhases = (
				23895643C798690ABC035818 /* [CP] Check Pods Manifest.lock */,
				5E4B9B07233C04DA00A43522 /* Sources */,
				5E4B9B08233C04DA00A43522 /* Frameworks */,
				5E4B9B09233C04DA00A43522 /* Resources */,
				322406CAD2A6DCB8295BDA26 /* [CP] Copy Pods Resources */,
			);
			buildRules = (
			);
			dependencies = (
			);
			name = "Khrysalis Template";
			productName = "Khrysalis Template";
			productReference = 5E4B9B0B233C04DA00A43522 /* Khrysalis Template.app */;
			productType = "com.apple.product-type.application";
		};
		5E4B9B20233C04DB00A43522 /* Khrysalis TemplateTests */ = {
			isa = PBXNativeTarget;
			buildConfigurationList = 5E4B9B38233C04DB00A43522 /* Build configuration list for PBXNativeTarget "Khrysalis TemplateTests" */;
			buildPhases = (
				5E4B9B1D233C04DB00A43522 /* Sources */,
				5E4B9B1E233C04DB00A43522 /* Frameworks */,
				5E4B9B1F233C04DB00A43522 /* Resources */,
			);
			buildRules = (
			);
			dependencies = (
				5E4B9B23233C04DB00A43522 /* PBXTargetDependency */,
			);
			name = "Khrysalis TemplateTests";
			productName = "Khrysalis TemplateTests";
			productReference = 5E4B9B21233C04DB00A43522 /* Khrysalis TemplateTests.xctest */;
			productType = "com.apple.product-type.bundle.unit-test";
		};
		5E4B9B2B233C04DB00A43522 /* Khrysalis TemplateUITests */ = {
			isa = PBXNativeTarget;
			buildConfigurationList = 5E4B9B3B233C04DB00A43522 /* Build configuration list for PBXNativeTarget "Khrysalis TemplateUITests" */;
			buildPhases = (
				5E4B9B28233C04DB00A43522 /* Sources */,
				5E4B9B29233C04DB00A43522 /* Frameworks */,
				5E4B9B2A233C04DB00A43522 /* Resources */,
			);
			buildRules = (
			);
			dependencies = (
				5E4B9B2E233C04DB00A43522 /* PBXTargetDependency */,
			);
			name = "Khrysalis TemplateUITests";
			productName = "Khrysalis TemplateUITests";
			productReference = 5E4B9B2C233C04DB00A43522 /* Khrysalis TemplateUITests.xctest */;
			productType = "com.apple.product-type.bundle.ui-testing";
		};
/* End PBXNativeTarget section */

/* Begin PBXProject section */
		5E4B9B03233C04DA00A43522 /* Project object */ = {
			isa = PBXProject;
			attributes = {
				LastSwiftUpdateCheck = 1100;
				LastUpgradeCheck = 1100;
				ORGANIZATIONNAME = "Joseph Ivie";
				TargetAttributes = {
					5E4B9B0A233C04DA00A43522 = {
						CreatedOnToolsVersion = 11.0;
					};
					5E4B9B20233C04DB00A43522 = {
						CreatedOnToolsVersion = 11.0;
						TestTargetID = 5E4B9B0A233C04DA00A43522;
					};
					5E4B9B2B233C04DB00A43522 = {
						CreatedOnToolsVersion = 11.0;
						TestTargetID = 5E4B9B0A233C04DA00A43522;
					};
				};
			};
			buildConfigurationList = 5E4B9B06233C04DA00A43522 /* Build configuration list for PBXProject "Khrysalis Template" */;
			compatibilityVersion = "Xcode 9.3";
			developmentRegion = en;
			hasScannedForEncodings = 0;
			knownRegions = (
				en,
				Base,
			);
			mainGroup = 5E4B9B02233C04DA00A43522;
			productRefGroup = 5E4B9B0C233C04DA00A43522 /* Products */;
			projectDirPath = "";
			projectRoot = "";
			targets = (
				5E4B9B0A233C04DA00A43522 /* Khrysalis Template */,
				5E4B9B20233C04DB00A43522 /* Khrysalis TemplateTests */,
				5E4B9B2B233C04DB00A43522 /* Khrysalis TemplateUITests */,
			);
		};
/* End PBXProject section */

/* Begin PBXResourcesBuildPhase section */
		5E4B9B09233C04DA00A43522 /* Resources */ = {
			isa = PBXResourcesBuildPhase;
			buildActionMask = 2147483647;
			files = (
				5E4B9CC2233C077800A43522 /* opensans_regular.ttf in Resources */,
				5E4B9CC1233C077800A43522 /* opensans_bold.ttf in Resources */,
				5E4B9B1B233C04DB00A43522 /* LaunchScreen.storyboard in Resources */,
				5E4B9B18233C04DB00A43522 /* Preview Assets.xcassets in Resources */,
				5E4B9B15233C04DB00A43522 /* Assets.xcassets in Resources */,
				5E4B9CC3233C077800A43522 /* opensans_italic.ttf in Resources */,
				5E4B9CC4233C077800A43522 /* opensans_bold_italic.ttf in Resources */,
			);
			runOnlyForDeploymentPostprocessing = 0;
		};
		5E4B9B1F233C04DB00A43522 /* Resources */ = {
			isa = PBXResourcesBuildPhase;
			buildActionMask = 2147483647;
			files = (
			);
			runOnlyForDeploymentPostprocessing = 0;
		};
		5E4B9B2A233C04DB00A43522 /* Resources */ = {
			isa = PBXResourcesBuildPhase;
			buildActionMask = 2147483647;
			files = (
			);
			runOnlyForDeploymentPostprocessing = 0;
		};
/* End PBXResourcesBuildPhase section */

/* Begin PBXShellScriptBuildPhase section */
		23895643C798690ABC035818 /* [CP] Check Pods Manifest.lock */ = {
			isa = PBXShellScriptBuildPhase;
			buildActionMask = 2147483647;
			files = (
			);
			inputFileListPaths = (
			);
			inputPaths = (
				"${PODS_PODFILE_DIR_PATH}/Podfile.lock",
				"${PODS_ROOT}/Manifest.lock",
			);
			name = "[CP] Check Pods Manifest.lock";
			outputFileListPaths = (
			);
			outputPaths = (
				"$(DERIVED_FILE_DIR)/Pods-Khrysalis Template-checkManifestLockResult.txt",
			);
			runOnlyForDeploymentPostprocessing = 0;
			shellPath = /bin/sh;
			shellScript = "diff \"${PODS_PODFILE_DIR_PATH}/Podfile.lock\" \"${PODS_ROOT}/Manifest.lock\" > /dev/null\nif [ $? != 0 ] ; then\n    # print error to STDERR\n    echo \"error: The sandbox is not in sync with the Podfile.lock. Run 'pod install' or update your CocoaPods installation.\" >&2\n    exit 1\nfi\n# This output is used by Xcode 'outputs' to avoid re-running this script phase.\necho \"SUCCESS\" > \"${SCRIPT_OUTPUT_FILE_0}\"\n";
			showEnvVarsInLog = 0;
		};
		322406CAD2A6DCB8295BDA26 /* [CP] Copy Pods Resources */ = {
			isa = PBXShellScriptBuildPhase;
			buildActionMask = 2147483647;
			files = (
			);
			inputFileListPaths = (
				"${PODS_ROOT}/Target Support Files/Pods-Khrysalis Template/Pods-Khrysalis Template-resources-${CONFIGURATION}-input-files.xcfilelist",
			);
			name = "[CP] Copy Pods Resources";
			outputFileListPaths = (
				"${PODS_ROOT}/Target Support Files/Pods-Khrysalis Template/Pods-Khrysalis Template-resources-${CONFIGURATION}-output-files.xcfilelist",
			);
			runOnlyForDeploymentPostprocessing = 0;
			shellPath = /bin/sh;
			shellScript = "\"${PODS_ROOT}/Target Support Files/Pods-Khrysalis Template/Pods-Khrysalis Template-resources.sh\"\n";
			showEnvVarsInLog = 0;
		};
/* End PBXShellScriptBuildPhase section */

/* Begin PBXSourcesBuildPhase section */
		5E4B9B07233C04DA00A43522 /* Sources */ = {
			isa = PBXSourcesBuildPhase;
			buildActionMask = 2147483647;
			files = (
				5E1E3FFB2405A9CC005D7608 /* BleScanDemoXml.swift in Sources */,
				5E1E401A2405A9CC005D7608 /* DrawableDemoVG.shared.swift in Sources */,
				5E1E3FF72405A9CC005D7608 /* ComponentTextXml.swift in Sources */,
				5E1E40012405A9CC005D7608 /* SliderDemoXml.swift in Sources */,
				5E1E40152405A9CC005D7608 /* LocationDemoVG.shared.swift in Sources */,
				5E1E40162405A9CC005D7608 /* SegmentedControlDemoVG.shared.swift in Sources */,
				5E1E400A2405A9CC005D7608 /* ComponentBleDeviceXml.swift in Sources */,
				5E1E401F2405A9CC005D7608 /* ViewPagerDemoVG.shared.swift in Sources */,
				5E1E400D2405A9CC005D7608 /* MapDemoXml.swift in Sources */,
				5E1E40032405A9CC005D7608 /* ControlsDemoXml.swift in Sources */,
				5E1E400F2405A9CC005D7608 /* SegmentedControlDemoXml.swift in Sources */,
				5E1E40082405A9CC005D7608 /* SelectDemoXml.swift in Sources */,
				5E1E3FEE2405A9CC005D7608 /* icArrowBackWhite24dpDrawable.swift in Sources */,
				5E1E40202405A9CC005D7608 /* BleHostDemoVG.shared.swift in Sources */,
				5E1E3FFF2405A9CC005D7608 /* ViewPagerDemoXml.swift in Sources */,
				5E1E3FF62405A9CC005D7608 /* PNGs.swift in Sources */,
				5E1E40292405A9CC005D7608 /* Post.shared.swift in Sources */,
				5E1E40092405A9CC005D7608 /* BleClientDemoXml.swift in Sources */,
				5E1E3FEC2405A9CC005D7608 /* icExposureBlack24dpDrawable.swift in Sources */,
				5E1E40022405A9CC005D7608 /* ComponentTestXml.swift in Sources */,
				5E1E3FF32405A9CC005D7608 /* icLauncherBackgroundDrawable.swift in Sources */,
				5E1E3FF42405A9CC005D7608 /* ResourcesDrawables.swift in Sources */,
				5E1E3FF02405A9CC005D7608 /* icAndroidBlack24dpDrawable.swift in Sources */,
				5E1E3FFE2405A9CC005D7608 /* DrawableDemoXml.swift in Sources */,
				5E1E40242405A9CC005D7608 /* SelectDemoVG.shared.swift in Sources */,
				5E1E3FF52405A9CC005D7608 /* icBeachAccessBlack24dpDrawable.swift in Sources */,
				5E1E400E2405A9CC005D7608 /* BleHostDemoXml.swift in Sources */,
				5E1E40112405A9CC005D7608 /* colors.swift in Sources */,
				5E1E402B2405A9CC005D7608 /* API.shared.swift in Sources */,
				5E1E40122405A9CC005D7608 /* ControlsDemoVG.shared.swift in Sources */,
				5E1E401E2405A9CC005D7608 /* MultipleDemoVG.shared.swift in Sources */,
				5E1E3FF92405A9CC005D7608 /* MultipleDemoXml.swift in Sources */,
				5E1E402C2405A9CC005D7608 /* APIInterface.shared.swift in Sources */,
				5E1E3FFD2405A9CC005D7608 /* PongDemoXml.swift in Sources */,
				5E1E3FEA2405A9CC005D7608 /* strings.swift in Sources */,
				5E1E401D2405A9CC005D7608 /* MarginTestVG.shared.swift in Sources */,
				5E1E402D2405A9CC005D7608 /* APIOnline.shared.swift in Sources */,
				5E1E3FEB2405A9CC005D7608 /* buttonAccentDrawable.swift in Sources */,
				5E1E40252405A9CC005D7608 /* BleScanDemoVG.shared.swift in Sources */,
				5E4B9B0F233C04DA00A43522 /* AppDelegate.swift in Sources */,
				5E1E3FFA2405A9CC005D7608 /* DateButtonDemoXml.swift in Sources */,
				5E1E40262405A9CC005D7608 /* LoginDemoVG.shared.swift in Sources */,
				5E1E40222405A9CC005D7608 /* PongDemoVG.shared.swift in Sources */,
				5E1E3FED2405A9CC005D7608 /* buttonPrimaryDrawable.swift in Sources */,
				5E1E40042405A9CC005D7608 /* MarginTestXml.swift in Sources */,
				5E1E400B2405A9CC005D7608 /* DateRangeDemoXml.swift in Sources */,
				5E1E40212405A9CC005D7608 /* BleClientDemoVG.shared.swift in Sources */,
				5E1E401C2405A9CC005D7608 /* SliderDemoVG.shared.swift in Sources */,
				5E1E40182405A9CC005D7608 /* LoadImageDemoVG.shared.swift in Sources */,
				5E1E40192405A9CC005D7608 /* ExternalTestVG.shared.swift in Sources */,
				5E1E40052405A9CC005D7608 /* LoginDemoXml.swift in Sources */,
				5E1E40102405A9CC005D7608 /* MainXml.swift in Sources */,
				5E1E40132405A9CC005D7608 /* DateRangeDemoVG.shared.swift in Sources */,
				5E1E3FEF2405A9CC005D7608 /* borderDrawable.swift in Sources */,
				5E1E40232405A9CC005D7608 /* MapDemoVG.shared.swift in Sources */,
				5E1E400C2405A9CC005D7608 /* ExternalTestXml.swift in Sources */,
				5E1E40272405A9CC005D7608 /* PreviewVG.shared.swift in Sources */,
				5E1E402A2405A9CC005D7608 /* APIMock.shared.swift in Sources */,
				5E1E3FF22405A9CC005D7608 /* icLauncherForegroundDrawable.swift in Sources */,
				5E1E3FF12405A9CC005D7608 /* buttonDisabledDrawable.swift in Sources */,
				5E1E40062405A9CC005D7608 /* LoadImageDemoXml.swift in Sources */,
				5E1E401B2405A9CC005D7608 /* ExampleContentVG.shared.swift in Sources */,
				5E1E40282405A9CC005D7608 /* DateButtonDemoVG.shared.swift in Sources */,
				5E1E3FF82405A9CC005D7608 /* FloatingHexagonsDemoXml.swift in Sources */,
				5E1E40002405A9CC005D7608 /* PreviewXml.swift in Sources */,
				5E1E3FFC2405A9CC005D7608 /* LocationDemoXml.swift in Sources */,
				5E1E40142405A9CC005D7608 /* FloatingHexagonsDemoVG.shared.swift in Sources */,
				5E1E40072405A9CC005D7608 /* ExampleContentXml.swift in Sources */,
				5E1E40172405A9CC005D7608 /* MainVG.shared.swift in Sources */,
			);
			runOnlyForDeploymentPostprocessing = 0;
		};
		5E4B9B1D233C04DB00A43522 /* Sources */ = {
			isa = PBXSourcesBuildPhase;
			buildActionMask = 2147483647;
			files = (
				5E4B9B26233C04DB00A43522 /* Khrysalis_TemplateTests.swift in Sources */,
			);
			runOnlyForDeploymentPostprocessing = 0;
		};
		5E4B9B28233C04DB00A43522 /* Sources */ = {
			isa = PBXSourcesBuildPhase;
			buildActionMask = 2147483647;
			files = (
				5E4B9B31233C04DB00A43522 /* Khrysalis_TemplateUITests.swift in Sources */,
			);
			runOnlyForDeploymentPostprocessing = 0;
		};
/* End PBXSourcesBuildPhase section */

/* Begin PBXTargetDependency section */
		5E4B9B23233C04DB00A43522 /* PBXTargetDependency */ = {
			isa = PBXTargetDependency;
			target = 5E4B9B0A233C04DA00A43522 /* Khrysalis Template */;
			targetProxy = 5E4B9B22233C04DB00A43522 /* PBXContainerItemProxy */;
		};
		5E4B9B2E233C04DB00A43522 /* PBXTargetDependency */ = {
			isa = PBXTargetDependency;
			target = 5E4B9B0A233C04DA00A43522 /* Khrysalis Template */;
			targetProxy = 5E4B9B2D233C04DB00A43522 /* PBXContainerItemProxy */;
		};
/* End PBXTargetDependency section */

/* Begin PBXVariantGroup section */
		5E4B9B19233C04DB00A43522 /* LaunchScreen.storyboard */ = {
			isa = PBXVariantGroup;
			children = (
				5E4B9B1A233C04DB00A43522 /* Base */,
			);
			name = LaunchScreen.storyboard;
			sourceTree = "<group>";
		};
/* End PBXVariantGroup section */

/* Begin XCBuildConfiguration section */
		5E4B9B33233C04DB00A43522 /* Debug */ = {
			isa = XCBuildConfiguration;
			buildSettings = {
				ALWAYS_SEARCH_USER_PATHS = NO;
				CLANG_ANALYZER_NONNULL = YES;
				CLANG_ANALYZER_NUMBER_OBJECT_CONVERSION = YES_AGGRESSIVE;
				CLANG_CXX_LANGUAGE_STANDARD = "gnu++14";
				CLANG_CXX_LIBRARY = "libc++";
				CLANG_ENABLE_MODULES = YES;
				CLANG_ENABLE_OBJC_ARC = YES;
				CLANG_ENABLE_OBJC_WEAK = YES;
				CLANG_WARN_BLOCK_CAPTURE_AUTORELEASING = YES;
				CLANG_WARN_BOOL_CONVERSION = YES;
				CLANG_WARN_COMMA = YES;
				CLANG_WARN_CONSTANT_CONVERSION = YES;
				CLANG_WARN_DEPRECATED_OBJC_IMPLEMENTATIONS = YES;
				CLANG_WARN_DIRECT_OBJC_ISA_USAGE = YES_ERROR;
				CLANG_WARN_DOCUMENTATION_COMMENTS = YES;
				CLANG_WARN_EMPTY_BODY = YES;
				CLANG_WARN_ENUM_CONVERSION = YES;
				CLANG_WARN_INFINITE_RECURSION = YES;
				CLANG_WARN_INT_CONVERSION = YES;
				CLANG_WARN_NON_LITERAL_NULL_CONVERSION = YES;
				CLANG_WARN_OBJC_IMPLICIT_RETAIN_SELF = YES;
				CLANG_WARN_OBJC_LITERAL_CONVERSION = YES;
				CLANG_WARN_OBJC_ROOT_CLASS = YES_ERROR;
				CLANG_WARN_RANGE_LOOP_ANALYSIS = YES;
				CLANG_WARN_STRICT_PROTOTYPES = YES;
				CLANG_WARN_SUSPICIOUS_MOVE = YES;
				CLANG_WARN_UNGUARDED_AVAILABILITY = YES_AGGRESSIVE;
				CLANG_WARN_UNREACHABLE_CODE = YES;
				CLANG_WARN__DUPLICATE_METHOD_MATCH = YES;
				COPY_PHASE_STRIP = NO;
				DEBUG_INFORMATION_FORMAT = dwarf;
				ENABLE_STRICT_OBJC_MSGSEND = YES;
				ENABLE_TESTABILITY = YES;
				GCC_C_LANGUAGE_STANDARD = gnu11;
				GCC_DYNAMIC_NO_PIC = NO;
				GCC_NO_COMMON_BLOCKS = YES;
				GCC_OPTIMIZATION_LEVEL = 0;
				GCC_PREPROCESSOR_DEFINITIONS = (
					"DEBUG=1",
					"$(inherited)",
				);
				GCC_WARN_64_TO_32_BIT_CONVERSION = YES;
				GCC_WARN_ABOUT_RETURN_TYPE = YES_ERROR;
				GCC_WARN_UNDECLARED_SELECTOR = YES;
				GCC_WARN_UNINITIALIZED_AUTOS = YES_AGGRESSIVE;
				GCC_WARN_UNUSED_FUNCTION = YES;
				GCC_WARN_UNUSED_VARIABLE = YES;
				IPHONEOS_DEPLOYMENT_TARGET = 11.0;
				MTL_ENABLE_DEBUG_INFO = INCLUDE_SOURCE;
				MTL_FAST_MATH = YES;
				ONLY_ACTIVE_ARCH = YES;
				SDKROOT = iphoneos;
				SWIFT_ACTIVE_COMPILATION_CONDITIONS = DEBUG;
				SWIFT_OPTIMIZATION_LEVEL = "-Onone";
			};
			name = Debug;
		};
		5E4B9B34233C04DB00A43522 /* Release */ = {
			isa = XCBuildConfiguration;
			buildSettings = {
				ALWAYS_SEARCH_USER_PATHS = NO;
				CLANG_ANALYZER_NONNULL = YES;
				CLANG_ANALYZER_NUMBER_OBJECT_CONVERSION = YES_AGGRESSIVE;
				CLANG_CXX_LANGUAGE_STANDARD = "gnu++14";
				CLANG_CXX_LIBRARY = "libc++";
				CLANG_ENABLE_MODULES = YES;
				CLANG_ENABLE_OBJC_ARC = YES;
				CLANG_ENABLE_OBJC_WEAK = YES;
				CLANG_WARN_BLOCK_CAPTURE_AUTORELEASING = YES;
				CLANG_WARN_BOOL_CONVERSION = YES;
				CLANG_WARN_COMMA = YES;
				CLANG_WARN_CONSTANT_CONVERSION = YES;
				CLANG_WARN_DEPRECATED_OBJC_IMPLEMENTATIONS = YES;
				CLANG_WARN_DIRECT_OBJC_ISA_USAGE = YES_ERROR;
				CLANG_WARN_DOCUMENTATION_COMMENTS = YES;
				CLANG_WARN_EMPTY_BODY = YES;
				CLANG_WARN_ENUM_CONVERSION = YES;
				CLANG_WARN_INFINITE_RECURSION = YES;
				CLANG_WARN_INT_CONVERSION = YES;
				CLANG_WARN_NON_LITERAL_NULL_CONVERSION = YES;
				CLANG_WARN_OBJC_IMPLICIT_RETAIN_SELF = YES;
				CLANG_WARN_OBJC_LITERAL_CONVERSION = YES;
				CLANG_WARN_OBJC_ROOT_CLASS = YES_ERROR;
				CLANG_WARN_RANGE_LOOP_ANALYSIS = YES;
				CLANG_WARN_STRICT_PROTOTYPES = YES;
				CLANG_WARN_SUSPICIOUS_MOVE = YES;
				CLANG_WARN_UNGUARDED_AVAILABILITY = YES_AGGRESSIVE;
				CLANG_WARN_UNREACHABLE_CODE = YES;
				CLANG_WARN__DUPLICATE_METHOD_MATCH = YES;
				COPY_PHASE_STRIP = NO;
				DEBUG_INFORMATION_FORMAT = "dwarf-with-dsym";
				ENABLE_NS_ASSERTIONS = NO;
				ENABLE_STRICT_OBJC_MSGSEND = YES;
				GCC_C_LANGUAGE_STANDARD = gnu11;
				GCC_NO_COMMON_BLOCKS = YES;
				GCC_WARN_64_TO_32_BIT_CONVERSION = YES;
				GCC_WARN_ABOUT_RETURN_TYPE = YES_ERROR;
				GCC_WARN_UNDECLARED_SELECTOR = YES;
				GCC_WARN_UNINITIALIZED_AUTOS = YES_AGGRESSIVE;
				GCC_WARN_UNUSED_FUNCTION = YES;
				GCC_WARN_UNUSED_VARIABLE = YES;
				IPHONEOS_DEPLOYMENT_TARGET = 11.0;
				MTL_ENABLE_DEBUG_INFO = NO;
				MTL_FAST_MATH = YES;
				SDKROOT = iphoneos;
				SWIFT_COMPILATION_MODE = wholemodule;
				SWIFT_OPTIMIZATION_LEVEL = "-O";
				VALIDATE_PRODUCT = YES;
			};
			name = Release;
		};
		5E4B9B36233C04DB00A43522 /* Debug */ = {
			isa = XCBuildConfiguration;
			baseConfigurationReference = C7B8007981CA49C05BBAAA76 /* Pods-Khrysalis Template.debug.xcconfig */;
			buildSettings = {
				ASSETCATALOG_COMPILER_APPICON_NAME = AppIcon;
				CODE_SIGN_STYLE = Automatic;
				DEVELOPMENT_ASSET_PATHS = "\"Khrysalis Template/Preview Content\"";
				DEVELOPMENT_TEAM = EF4N5K3F2Q;
				ENABLE_PREVIEWS = YES;
				INFOPLIST_FILE = "Khrysalis Template/Info.plist";
				LD_RUNPATH_SEARCH_PATHS = (
					"$(inherited)",
					"@executable_path/Frameworks",
				);
				PRODUCT_BUNDLE_IDENTIFIER = "com.lightningkite.Khrysalis-Template";
				PRODUCT_NAME = "$(TARGET_NAME)";
				SWIFT_VERSION = 5.0;
				TARGETED_DEVICE_FAMILY = "1,2";
			};
			name = Debug;
		};
		5E4B9B37233C04DB00A43522 /* Release */ = {
			isa = XCBuildConfiguration;
			baseConfigurationReference = 7468484A0C58EB8A64BDAF30 /* Pods-Khrysalis Template.release.xcconfig */;
			buildSettings = {
				ASSETCATALOG_COMPILER_APPICON_NAME = AppIcon;
				CODE_SIGN_STYLE = Automatic;
				DEVELOPMENT_ASSET_PATHS = "\"Khrysalis Template/Preview Content\"";
				DEVELOPMENT_TEAM = EF4N5K3F2Q;
				ENABLE_PREVIEWS = YES;
				INFOPLIST_FILE = "Khrysalis Template/Info.plist";
				LD_RUNPATH_SEARCH_PATHS = (
					"$(inherited)",
					"@executable_path/Frameworks",
				);
				PRODUCT_BUNDLE_IDENTIFIER = "com.lightningkite.Khrysalis-Template";
				PRODUCT_NAME = "$(TARGET_NAME)";
				SWIFT_VERSION = 5.0;
				TARGETED_DEVICE_FAMILY = "1,2";
			};
			name = Release;
		};
		5E4B9B39233C04DB00A43522 /* Debug */ = {
			isa = XCBuildConfiguration;
			buildSettings = {
				ALWAYS_EMBED_SWIFT_STANDARD_LIBRARIES = YES;
				BUNDLE_LOADER = "$(TEST_HOST)";
				CODE_SIGN_STYLE = Automatic;
				DEVELOPMENT_TEAM = EF4N5K3F2Q;
				INFOPLIST_FILE = "Khrysalis TemplateTests/Info.plist";
				IPHONEOS_DEPLOYMENT_TARGET = 13.0;
				LD_RUNPATH_SEARCH_PATHS = (
					"$(inherited)",
					"@executable_path/Frameworks",
					"@loader_path/Frameworks",
				);
				PRODUCT_BUNDLE_IDENTIFIER = "com.lightningkite.Khrysalis-TemplateTests";
				PRODUCT_NAME = "$(TARGET_NAME)";
				SWIFT_VERSION = 5.0;
				TARGETED_DEVICE_FAMILY = "1,2";
				TEST_HOST = "$(BUILT_PRODUCTS_DIR)/Khrysalis Template.app/Khrysalis Template";
			};
			name = Debug;
		};
		5E4B9B3A233C04DB00A43522 /* Release */ = {
			isa = XCBuildConfiguration;
			buildSettings = {
				ALWAYS_EMBED_SWIFT_STANDARD_LIBRARIES = YES;
				BUNDLE_LOADER = "$(TEST_HOST)";
				CODE_SIGN_STYLE = Automatic;
				DEVELOPMENT_TEAM = EF4N5K3F2Q;
				INFOPLIST_FILE = "Khrysalis TemplateTests/Info.plist";
				IPHONEOS_DEPLOYMENT_TARGET = 13.0;
				LD_RUNPATH_SEARCH_PATHS = (
					"$(inherited)",
					"@executable_path/Frameworks",
					"@loader_path/Frameworks",
				);
				PRODUCT_BUNDLE_IDENTIFIER = "com.lightningkite.Khrysalis-TemplateTests";
				PRODUCT_NAME = "$(TARGET_NAME)";
				SWIFT_VERSION = 5.0;
				TARGETED_DEVICE_FAMILY = "1,2";
				TEST_HOST = "$(BUILT_PRODUCTS_DIR)/Khrysalis Template.app/Khrysalis Template";
			};
			name = Release;
		};
		5E4B9B3C233C04DB00A43522 /* Debug */ = {
			isa = XCBuildConfiguration;
			buildSettings = {
				ALWAYS_EMBED_SWIFT_STANDARD_LIBRARIES = YES;
				CODE_SIGN_STYLE = Automatic;
				DEVELOPMENT_TEAM = EF4N5K3F2Q;
				INFOPLIST_FILE = "Khrysalis TemplateUITests/Info.plist";
				LD_RUNPATH_SEARCH_PATHS = (
					"$(inherited)",
					"@executable_path/Frameworks",
					"@loader_path/Frameworks",
				);
				PRODUCT_BUNDLE_IDENTIFIER = "com.lightningkite.Khrysalis-TemplateUITests";
				PRODUCT_NAME = "$(TARGET_NAME)";
				SWIFT_VERSION = 5.0;
				TARGETED_DEVICE_FAMILY = "1,2";
				TEST_TARGET_NAME = "Khrysalis Template";
			};
			name = Debug;
		};
		5E4B9B3D233C04DB00A43522 /* Release */ = {
			isa = XCBuildConfiguration;
			buildSettings = {
				ALWAYS_EMBED_SWIFT_STANDARD_LIBRARIES = YES;
				CODE_SIGN_STYLE = Automatic;
				DEVELOPMENT_TEAM = EF4N5K3F2Q;
				INFOPLIST_FILE = "Khrysalis TemplateUITests/Info.plist";
				LD_RUNPATH_SEARCH_PATHS = (
					"$(inherited)",
					"@executable_path/Frameworks",
					"@loader_path/Frameworks",
				);
				PRODUCT_BUNDLE_IDENTIFIER = "com.lightningkite.Khrysalis-TemplateUITests";
				PRODUCT_NAME = "$(TARGET_NAME)";
				SWIFT_VERSION = 5.0;
				TARGETED_DEVICE_FAMILY = "1,2";
				TEST_TARGET_NAME = "Khrysalis Template";
			};
			name = Release;
		};
/* End XCBuildConfiguration section */

/* Begin XCConfigurationList section */
		5E4B9B06233C04DA00A43522 /* Build configuration list for PBXProject "Khrysalis Template" */ = {
			isa = XCConfigurationList;
			buildConfigurations = (
				5E4B9B33233C04DB00A43522 /* Debug */,
				5E4B9B34233C04DB00A43522 /* Release */,
			);
			defaultConfigurationIsVisible = 0;
			defaultConfigurationName = Release;
		};
		5E4B9B35233C04DB00A43522 /* Build configuration list for PBXNativeTarget "Khrysalis Template" */ = {
			isa = XCConfigurationList;
			buildConfigurations = (
				5E4B9B36233C04DB00A43522 /* Debug */,
				5E4B9B37233C04DB00A43522 /* Release */,
			);
			defaultConfigurationIsVisible = 0;
			defaultConfigurationName = Release;
		};
		5E4B9B38233C04DB00A43522 /* Build configuration list for PBXNativeTarget "Khrysalis TemplateTests" */ = {
			isa = XCConfigurationList;
			buildConfigurations = (
				5E4B9B39233C04DB00A43522 /* Debug */,
				5E4B9B3A233C04DB00A43522 /* Release */,
			);
			defaultConfigurationIsVisible = 0;
			defaultConfigurationName = Release;
		};
		5E4B9B3B233C04DB00A43522 /* Build configuration list for PBXNativeTarget "Khrysalis TemplateUITests" */ = {
			isa = XCConfigurationList;
			buildConfigurations = (
				5E4B9B3C233C04DB00A43522 /* Debug */,
				5E4B9B3D233C04DB00A43522 /* Release */,
			);
			defaultConfigurationIsVisible = 0;
			defaultConfigurationName = Release;
		};
/* End XCConfigurationList section */
	};
	rootObject = 5E4B9B03233C04DA00A43522 /* Project object */;
}
